{
  "name": "test-client",
  "version": "1.0.0",
  "lockfileVersion": 3,
  "requires": true,
  "packages": {
    "": {
      "name": "test-client",
      "version": "1.0.0",
      "license": "ISC",
      "dependencies": {
        "simple-rc4": "^0.0.1-b"
      }
    },
    "node_modules/simple-rc4": {
      "version": "0.0.1-b",
      "resolved": "https://registry.npmjs.org/simple-rc4/-/simple-rc4-0.0.1-b.tgz",
      "integrity": "sha512-5qBh2UowmUJgzbWk+yxapMAoW7sJ6i6M6n28fvRgzF6l0DI6XNYQDhel+UO+oRNgGSYUw+5AnehX0Y47XD4XJA==",
      "license": "MIT"
    }
  }
}
